
Microsoft Visual Studio Solution File, Format Version 12.00
# Visual Studio 15
VisualStudioVersion = 15.0.28010.2041
MinimumVisualStudioVersion = 10.0.40219.1
Project("{FAE04EC0-301F-11D3-BF4B-00C04F79EFBC}") = "FormDataMahasiswa", "FormDataMahasiswa\FormDataMahasiswa.csproj", "{B7BA67CA-25DB-450D-9784-9C022A25FCCC}"
EndProject
Project("{FAE04EC0-301F-11D3-BF4B-00C04F79EFBC}") = "FrmListMahasiswa", "FrmListMahasiswa\FrmListMahasiswa.csproj", "{D8E681E3-CA63-4AC6-8CF2-65576F4D4E61}"
EndProject
Global
	GlobalSection(SolutionConfigurationPlatforms) = preSolution
		Debug|Any CPU = Debug|Any CPU
		Release|Any CPU = Release|Any CPU
	EndGlobalSection
	GlobalSection(ProjectConfigurationPlatforms) = postSolution
		{B7BA67CA-25DB-450D-9784-9C022A25FCCC}.Debug|Any CPU.ActiveCfg = Debug|Any CPU
		{B7BA67CA-25DB-450D-9784-9C022A25FCCC}.Debug|Any CPU.Build.0 = Debug|Any CPU
		{B7BA67CA-25DB-450D-9784-9C022A25FCCC}.Release|Any CPU.ActiveCfg = Release|Any CPU
		{B7BA67CA-25DB-450D-9784-9C022A25FCCC}.Release|Any CPU.Build.0 = Release|Any CPU
		{D8E681E3-CA63-4AC6-8CF2-65576F4D4E61}.Debug|Any CPU.ActiveCfg = Debug|Any CPU
		{D8E681E3-CA63-4AC6-8CF2-65576F4D4E61}.Debug|Any CPU.Build.0 = Debug|Any CPU
		{D8E681E3-CA63-4AC6-8CF2-65576F4D4E61}.Release|Any CPU.ActiveCfg = Release|Any CPU
		{D8E681E3-CA63-4AC6-8CF2-65576F4D4E61}.Release|Any CPU.Build.0 = Release|Any CPU
	EndGlobalSection
	GlobalSection(SolutionProperties) = preSolution
		HideSolutionNode = FALSE
	EndGlobalSection
	GlobalSection(ExtensibilityGlobals) = postSolution
		SolutionGuid = {53517AB6-0604-4C07-B4C3-E22B5D544E25}
	EndGlobalSection
EndGlobal
